
Microsoft Visual Studio Solution File, Format Version 12.00
# Visual Studio Version 17
VisualStudioVersion = 17.9.34728.123
MinimumVisualStudioVersion = 10.0.40219.1
Project("{8BC9CEB8-8B4A-11D0-8D11-00A0C91BC942}") = "inisialitation", "inisialitation\inisialitation.vcxproj", "{A5318B06-D1E6-435C-8DA3-8EA89297480A}"
EndProject
Project("{8BC9CEB8-8B4A-11D0-8D11-00A0C91BC942}") = "Composition", "MainJM\MainJM.vcxproj", "{CDE28BAB-3BAA-47BF-BE16-C8A56967FC40}"
EndProject
Project("{8BC9CEB8-8B4A-11D0-8D11-00A0C91BC942}") = "Agregasi", "Agregasi\Agregasi.vcxproj", "{E4B31C9B-CDE3-49A6-8262-9FF59E2A824E}"
EndProject
Project("{8BC9CEB8-8B4A-11D0-8D11-00A0C91BC942}") = "Asosiasi", "Asosiasi\Asosiasi.vcxproj", "{64535B4E-4451-4EB5-A4E5-529A7A16B9CC}"
EndProject
Project("{8BC9CEB8-8B4A-11D0-8D11-00A0C91BC942}") = "Inheritance", "Inheritance\Inheritance.vcxproj", "{510F2183-6DD5-4815-8C1F-4B825E421C59}"
EndProject
Global
	GlobalSection(SolutionConfigurationPlatforms) = preSolution
		Debug|x64 = Debug|x64
		Debug|x86 = Debug|x86
		Release|x64 = Release|x64
		Release|x86 = Release|x86
	EndGlobalSection
	GlobalSection(ProjectConfigurationPlatforms) = postSolution
		{A5318B06-D1E6-435C-8DA3-8EA89297480A}.Debug|x64.ActiveCfg = Debug|x64
		{A5318B06-D1E6-435C-8DA3-8EA89297480A}.Debug|x64.Build.0 = Debug|x64
		{A5318B06-D1E6-435C-8DA3-8EA89297480A}.Debug|x86.ActiveCfg = Debug|Win32
		{A5318B06-D1E6-435C-8DA3-8EA89297480A}.Debug|x86.Build.0 = Debug|Win32
		{A5318B06-D1E6-435C-8DA3-8EA89297480A}.Release|x64.ActiveCfg = Release|x64
		{A5318B06-D1E6-435C-8DA3-8EA89297480A}.Release|x64.Build.0 = Release|x64
		{A5318B06-D1E6-435C-8DA3-8EA89297480A}.Release|x86.ActiveCfg = Release|Win32
		{A5318B06-D1E6-435C-8DA3-8EA89297480A}.Release|x86.Build.0 = Release|Win32
		{CDE28BAB-3BAA-47BF-BE16-C8A56967FC40}.Debug|x64.ActiveCfg = Debug|x64
		{CDE28BAB-3BAA-47BF-BE16-C8A56967FC40}.Debug|x64.Build.0 = Debug|x64
		{CDE28BAB-3BAA-47BF-BE16-C8A56967FC40}.Debug|x86.ActiveCfg = Debug|Win32
		{CDE28BAB-3BAA-47BF-BE16-C8A56967FC40}.Debug|x86.Build.0 = Debug|Win32
		{CDE28BAB-3BAA-47BF-BE16-C8A56967FC40}.Release|x64.ActiveCfg = Release|x64
		{CDE28BAB-3BAA-47BF-BE16-C8A56967FC40}.Release|x64.Build.0 = Release|x64
		{CDE28BAB-3BAA-47BF-BE16-C8A56967FC40}.Release|x86.ActiveCfg = Release|Win32
		{CDE28BAB-3BAA-47BF-BE16-C8A56967FC40}.Release|x86.Build.0 = Release|Win32
		{E4B31C9B-CDE3-49A6-8262-9FF59E2A824E}.Debug|x64.ActiveCfg = Debug|x64
		{E4B31C9B-CDE3-49A6-8262-9FF59E2A824E}.Debug|x64.Build.0 = Debug|x64
		{E4B31C9B-CDE3-49A6-8262-9FF59E2A824E}.Debug|x86.ActiveCfg = Debug|Win32
		{E4B31C9B-CDE3-49A6-8262-9FF59E2A824E}.Debug|x86.Build.0 = Debug|Win32
		{E4B31C9B-CDE3-49A6-8262-9FF59E2A824E}.Release|x64.ActiveCfg = Release|x64
		{E4B31C9B-CDE3-49A6-8262-9FF59E2A824E}.Release|x64.Build.0 = Release|x64
		{E4B31C9B-CDE3-49A6-8262-9FF59E2A824E}.Release|x86.ActiveCfg = Release|Win32
		{E4B31C9B-CDE3-49A6-8262-9FF59E2A824E}.Release|x86.Build.0 = Release|Win32
		{64535B4E-4451-4EB5-A4E5-529A7A16B9CC}.Debug|x64.ActiveCfg = Debug|x64
		{64535B4E-4451-4EB5-A4E5-529A7A16B9CC}.Debug|x64.Build.0 = Debug|x64
		{64535B4E-4451-4EB5-A4E5-529A7A16B9CC}.Debug|x86.ActiveCfg = Debug|Win32
		{64535B4E-4451-4EB5-A4E5-529A7A16B9CC}.Debug|x86.Build.0 = Debug|Win32
		{64535B4E-4451-4EB5-A4E5-529A7A16B9CC}.Release|x64.ActiveCfg = Release|x64
		{64535B4E-4451-4EB5-A4E5-529A7A16B9CC}.Release|x64.Build.0 = Release|x64
		{64535B4E-4451-4EB5-A4E5-529A7A16B9CC}.Release|x86.ActiveCfg = Release|Win32
		{64535B4E-4451-4EB5-A4E5-529A7A16B9CC}.Release|x86.Build.0 = Release|Win32
		{510F2183-6DD5-4815-8C1F-4B825E421C59}.Debug|x64.ActiveCfg = Debug|x64
		{510F2183-6DD5-4815-8C1F-4B825E421C59}.Debug|x64.Build.0 = Debug|x64
		{510F2183-6DD5-4815-8C1F-4B825E421C59}.Debug|x86.ActiveCfg = Debug|Win32
		{510F2183-6DD5-4815-8C1F-4B825E421C59}.Debug|x86.Build.0 = Debug|Win32
		{510F2183-6DD5-4815-8C1F-4B825E421C59}.Release|x64.ActiveCfg = Release|x64
		{510F2183-6DD5-4815-8C1F-4B825E421C59}.Release|x64.Build.0 = Release|x64
		{510F2183-6DD5-4815-8C1F-4B825E421C59}.Release|x86.ActiveCfg = Release|Win32
		{510F2183-6DD5-4815-8C1F-4B825E421C59}.Release|x86.Build.0 = Release|Win32
	EndGlobalSection
	GlobalSection(SolutionProperties) = preSolution
		HideSolutionNode = FALSE
	EndGlobalSection
	GlobalSection(ExtensibilityGlobals) = postSolution
		SolutionGuid = {B97E9AA0-D089-4008-84E4-7CD333FE91EF}
	EndGlobalSection
EndGlobal
